// !$*UTF8*$!
{
	archiveVersion = 1;
	classes = {
	};
	objectVersion = 46;
	objects = {

/* Begin PBXBuildFile section */
		5E2C87F41EA7A63100DB0074 /* main.m in Sources */ = {isa = PBXBuildFile; fileRef = 5E2C87F31EA7A63100DB0074 /* main.m */; };
		5E2C87F71EA7A63100DB0074 /* AppDelegate.m in Sources */ = {isa = PBXBuildFile; fileRef = 5E2C87F61EA7A63100DB0074 /* AppDelegate.m */; };
		5E2C87FA1EA7A63100DB0074 /* ViewController.m in Sources */ = {isa = PBXBuildFile; fileRef = 5E2C87F91EA7A63100DB0074 /* ViewController.m */; };
		5E2C87FD1EA7A63100DB0074 /* Main.storyboard in Resources */ = {isa = PBXBuildFile; fileRef = 5E2C87FB1EA7A63100DB0074 /* Main.storyboard */; };
		5E2C87FF1EA7A63100DB0074 /* Assets.xcassets in Resources */ = {isa = PBXBuildFile; fileRef = 5E2C87FE1EA7A63100DB0074 /* Assets.xcassets */; };
		5E2C88021EA7A63100DB0074 /* LaunchScreen.storyboard in Resources */ = {isa = PBXBuildFile; fileRef = 5E2C88001EA7A63100DB0074 /* LaunchScreen.storyboard */; };
		5E2C880D1EA7A63100DB0074 /* Objc_StudyTests.m in Sources */ = {isa = PBXBuildFile; fileRef = 5E2C880C1EA7A63100DB0074 /* Objc_StudyTests.m */; };
		5E2C88181EA7A63100DB0074 /* Objc_StudyUITests.m in Sources */ = {isa = PBXBuildFile; fileRef = 5E2C88171EA7A63100DB0074 /* Objc_StudyUITests.m */; };
		5E2C88271EA7A69F00DB0074 /* BNRPerson.m in Sources */ = {isa = PBXBuildFile; fileRef = 5E2C88261EA7A69F00DB0074 /* BNRPerson.m */; };
		5E2C882A1EA7C1FA00DB0074 /* BNREmployee.m in Sources */ = {isa = PBXBuildFile; fileRef = 5E2C88291EA7C1FA00DB0074 /* BNREmployee.m */; };
		5E2C882D1EA7CEA900DB0074 /* BNRStockHolding.m in Sources */ = {isa = PBXBuildFile; fileRef = 5E2C882C1EA7CEA900DB0074 /* BNRStockHolding.m */; };
		5E2C88301EA7D1B900DB0074 /* BNRForeignStockHolding.m in Sources */ = {isa = PBXBuildFile; fileRef = 5E2C882F1EA7D1B900DB0074 /* BNRForeignStockHolding.m */; };
		5E2C88331EA7E52700DB0074 /* BNRAssets.m in Sources */ = {isa = PBXBuildFile; fileRef = 5E2C88321EA7E52700DB0074 /* BNRAssets.m */; };
		5EFC9BD11EBB90080080D34A /* BNRLOgger.m in Sources */ = {isa = PBXBuildFile; fileRef = 5EFC9BD01EBB90080080D34A /* BNRLOgger.m */; };
		5EFFFA331EAFB19C00AE8A75 /* Pessoa.m in Sources */ = {isa = PBXBuildFile; fileRef = 5EFFFA321EAFB19C00AE8A75 /* Pessoa.m */; };
/* End PBXBuildFile section */

/* Begin PBXContainerItemProxy section */
		5E2C88091EA7A63100DB0074 /* PBXContainerItemProxy */ = {
			isa = PBXContainerItemProxy;
			containerPortal = 5E2C87E71EA7A63100DB0074 /* Project object */;
			proxyType = 1;
			remoteGlobalIDString = 5E2C87EE1EA7A63100DB0074;
			remoteInfo = Objc_Study;
		};
		5E2C88141EA7A63100DB0074 /* PBXContainerItemProxy */ = {
			isa = PBXContainerItemProxy;
			containerPortal = 5E2C87E71EA7A63100DB0074 /* Project object */;
			proxyType = 1;
			remoteGlobalIDString = 5E2C87EE1EA7A63100DB0074;
			remoteInfo = Objc_Study;
		};
/* End PBXContainerItemProxy section */

/* Begin PBXFileReference section */
		5E1F58DA1EB255AD004B1ADC /* PrefixHeader.pch */ = {isa = PBXFileReference; lastKnownFileType = sourcecode.c.h; path = PrefixHeader.pch; sourceTree = "<group>"; };
		5E2C87EF1EA7A63100DB0074 /* Objc_Study.app */ = {isa = PBXFileReference; explicitFileType = wrapper.application; includeInIndex = 0; path = Objc_Study.app; sourceTree = BUILT_PRODUCTS_DIR; };
		5E2C87F31EA7A63100DB0074 /* main.m */ = {isa = PBXFileReference; lastKnownFileType = sourcecode.c.objc; path = main.m; sourceTree = "<group>"; };
		5E2C87F51EA7A63100DB0074 /* AppDelegate.h */ = {isa = PBXFileReference; lastKnownFileType = sourcecode.c.h; path = AppDelegate.h; sourceTree = "<group>"; };
		5E2C87F61EA7A63100DB0074 /* AppDelegate.m */ = {isa = PBXFileReference; lastKnownFileType = sourcecode.c.objc; path = AppDelegate.m; sourceTree = "<group>"; };
		5E2C87F81EA7A63100DB0074 /* ViewController.h */ = {isa = PBXFileReference; lastKnownFileType = sourcecode.c.h; path = ViewController.h; sourceTree = "<group>"; };
		5E2C87F91EA7A63100DB0074 /* ViewController.m */ = {isa = PBXFileReference; lastKnownFileType = sourcecode.c.objc; path = ViewController.m; sourceTree = "<group>"; };
		5E2C87FC1EA7A63100DB0074 /* Base */ = {isa = PBXFileReference; lastKnownFileType = file.storyboard; name = Base; path = Base.lproj/Main.storyboard; sourceTree = "<group>"; };
		5E2C87FE1EA7A63100DB0074 /* Assets.xcassets */ = {isa = PBXFileReference; lastKnownFileType = folder.assetcatalog; path = Assets.xcassets; sourceTree = "<group>"; };
		5E2C88011EA7A63100DB0074 /* Base */ = {isa = PBXFileReference; lastKnownFileType = file.storyboard; name = Base; path = Base.lproj/LaunchScreen.storyboard; sourceTree = "<group>"; };
		5E2C88031EA7A63100DB0074 /* Info.plist */ = {isa = PBXFileReference; lastKnownFileType = text.plist.xml; path = Info.plist; sourceTree = "<group>"; };
		5E2C88081EA7A63100DB0074 /* Objc_StudyTests.xctest */ = {isa = PBXFileReference; explicitFileType = wrapper.cfbundle; includeInIndex = 0; path = Objc_StudyTests.xctest; sourceTree = BUILT_PRODUCTS_DIR; };
		5E2C880C1EA7A63100DB0074 /* Objc_StudyTests.m */ = {isa = PBXFileReference; lastKnownFileType = sourcecode.c.objc; path = Objc_StudyTests.m; sourceTree = "<group>"; };
		5E2C880E1EA7A63100DB0074 /* Info.plist */ = {isa = PBXFileReference; lastKnownFileType = text.plist.xml; path = Info.plist; sourceTree = "<group>"; };
		5E2C88131EA7A63100DB0074 /* Objc_StudyUITests.xctest */ = {isa = PBXFileReference; explicitFileType = wrapper.cfbundle; includeInIndex = 0; path = Objc_StudyUITests.xctest; sourceTree = BUILT_PRODUCTS_DIR; };
		5E2C88171EA7A63100DB0074 /* Objc_StudyUITests.m */ = {isa = PBXFileReference; lastKnownFileType = sourcecode.c.objc; path = Objc_StudyUITests.m; sourceTree = "<group>"; };
		5E2C88191EA7A63100DB0074 /* Info.plist */ = {isa = PBXFileReference; lastKnownFileType = text.plist.xml; path = Info.plist; sourceTree = "<group>"; };
		5E2C88251EA7A69F00DB0074 /* BNRPerson.h */ = {isa = PBXFileReference; fileEncoding = 4; lastKnownFileType = sourcecode.c.h; path = BNRPerson.h; sourceTree = "<group>"; };
		5E2C88261EA7A69F00DB0074 /* BNRPerson.m */ = {isa = PBXFileReference; fileEncoding = 4; lastKnownFileType = sourcecode.c.objc; path = BNRPerson.m; sourceTree = "<group>"; };
		5E2C88281EA7C1FA00DB0074 /* BNREmployee.h */ = {isa = PBXFileReference; fileEncoding = 4; lastKnownFileType = sourcecode.c.h; path = BNREmployee.h; sourceTree = "<group>"; };
		5E2C88291EA7C1FA00DB0074 /* BNREmployee.m */ = {isa = PBXFileReference; fileEncoding = 4; lastKnownFileType = sourcecode.c.objc; path = BNREmployee.m; sourceTree = "<group>"; };
		5E2C882B1EA7CEA900DB0074 /* BNRStockHolding.h */ = {isa = PBXFileReference; fileEncoding = 4; lastKnownFileType = sourcecode.c.h; path = BNRStockHolding.h; sourceTree = "<group>"; };
		5E2C882C1EA7CEA900DB0074 /* BNRStockHolding.m */ = {isa = PBXFileReference; fileEncoding = 4; lastKnownFileType = sourcecode.c.objc; path = BNRStockHolding.m; sourceTree = "<group>"; };
		5E2C882E1EA7D1B900DB0074 /* BNRForeignStockHolding.h */ = {isa = PBXFileReference; fileEncoding = 4; lastKnownFileType = sourcecode.c.h; path = BNRForeignStockHolding.h; sourceTree = "<group>"; };
		5E2C882F1EA7D1B900DB0074 /* BNRForeignStockHolding.m */ = {isa = PBXFileReference; fileEncoding = 4; lastKnownFileType = sourcecode.c.objc; path = BNRForeignStockHolding.m; sourceTree = "<group>"; };
		5E2C88311EA7E52700DB0074 /* BNRAssets.h */ = {isa = PBXFileReference; fileEncoding = 4; lastKnownFileType = sourcecode.c.h; path = BNRAssets.h; sourceTree = "<group>"; };
		5E2C88321EA7E52700DB0074 /* BNRAssets.m */ = {isa = PBXFileReference; fileEncoding = 4; lastKnownFileType = sourcecode.c.objc; path = BNRAssets.m; sourceTree = "<group>"; };
		5EFC9BCF1EBB90080080D34A /* BNRLOgger.h */ = {isa = PBXFileReference; fileEncoding = 4; lastKnownFileType = sourcecode.c.h; path = BNRLOgger.h; sourceTree = "<group>"; };
		5EFC9BD01EBB90080080D34A /* BNRLOgger.m */ = {isa = PBXFileReference; fileEncoding = 4; lastKnownFileType = sourcecode.c.objc; path = BNRLOgger.m; sourceTree = "<group>"; };
		5EFFFA311EAFB19C00AE8A75 /* Pessoa.h */ = {isa = PBXFileReference; fileEncoding = 4; lastKnownFileType = sourcecode.c.h; path = Pessoa.h; sourceTree = "<group>"; };
		5EFFFA321EAFB19C00AE8A75 /* Pessoa.m */ = {isa = PBXFileReference; fileEncoding = 4; lastKnownFileType = sourcecode.c.objc; path = Pessoa.m; sourceTree = "<group>"; };
/* End PBXFileReference section */

/* Begin PBXFrameworksBuildPhase section */
		5E2C87EC1EA7A63100DB0074 /* Frameworks */ = {
			isa = PBXFrameworksBuildPhase;
			buildActionMask = 2147483647;
			files = (
			);
			runOnlyForDeploymentPostprocessing = 0;
		};
		5E2C88051EA7A63100DB0074 /* Frameworks */ = {
			isa = PBXFrameworksBuildPhase;
			buildActionMask = 2147483647;
			files = (
			);
			runOnlyForDeploymentPostprocessing = 0;
		};
		5E2C88101EA7A63100DB0074 /* Frameworks */ = {
			isa = PBXFrameworksBuildPhase;
			buildActionMask = 2147483647;
			files = (
			);
			runOnlyForDeploymentPostprocessing = 0;
		};
/* End PBXFrameworksBuildPhase section */

/* Begin PBXGroup section */
		5E2C87E61EA7A63100DB0074 = {
			isa = PBXGroup;
			children = (
				5E1F58DA1EB255AD004B1ADC /* PrefixHeader.pch */,
				5E2C87F11EA7A63100DB0074 /* Objc_Study */,
				5E2C880B1EA7A63100DB0074 /* Objc_StudyTests */,
				5E2C88161EA7A63100DB0074 /* Objc_StudyUITests */,
				5E2C87F01EA7A63100DB0074 /* Products */,
			);
			sourceTree = "<group>";
		};
		5E2C87F01EA7A63100DB0074 /* Products */ = {
			isa = PBXGroup;
			children = (
				5E2C87EF1EA7A63100DB0074 /* Objc_Study.app */,
				5E2C88081EA7A63100DB0074 /* Objc_StudyTests.xctest */,
				5E2C88131EA7A63100DB0074 /* Objc_StudyUITests.xctest */,
			);
			name = Products;
			sourceTree = "<group>";
		};
		5E2C87F11EA7A63100DB0074 /* Objc_Study */ = {
			isa = PBXGroup;
			children = (
				5E2C88311EA7E52700DB0074 /* BNRAssets.h */,
				5E2C88321EA7E52700DB0074 /* BNRAssets.m */,
				5E2C87F51EA7A63100DB0074 /* AppDelegate.h */,
				5E2C87F61EA7A63100DB0074 /* AppDelegate.m */,
				5E2C87F81EA7A63100DB0074 /* ViewController.h */,
				5EFFFA311EAFB19C00AE8A75 /* Pessoa.h */,
				5EFC9BCF1EBB90080080D34A /* BNRLOgger.h */,
				5EFC9BD01EBB90080080D34A /* BNRLOgger.m */,
				5EFFFA321EAFB19C00AE8A75 /* Pessoa.m */,
				5E2C87F91EA7A63100DB0074 /* ViewController.m */,
				5E2C87FB1EA7A63100DB0074 /* Main.storyboard */,
				5E2C87FE1EA7A63100DB0074 /* Assets.xcassets */,
				5E2C88001EA7A63100DB0074 /* LaunchScreen.storyboard */,
				5E2C88031EA7A63100DB0074 /* Info.plist */,
				5E2C87F21EA7A63100DB0074 /* Supporting Files */,
				5E2C88251EA7A69F00DB0074 /* BNRPerson.h */,
				5E2C88261EA7A69F00DB0074 /* BNRPerson.m */,
				5E2C88281EA7C1FA00DB0074 /* BNREmployee.h */,
				5E2C88291EA7C1FA00DB0074 /* BNREmployee.m */,
				5E2C882B1EA7CEA900DB0074 /* BNRStockHolding.h */,
				5E2C882C1EA7CEA900DB0074 /* BNRStockHolding.m */,
				5E2C882E1EA7D1B900DB0074 /* BNRForeignStockHolding.h */,
				5E2C882F1EA7D1B900DB0074 /* BNRForeignStockHolding.m */,
			);
			path = Objc_Study;
			sourceTree = "<group>";
		};
		5E2C87F21EA7A63100DB0074 /* Supporting Files */ = {
			isa = PBXGroup;
			children = (
				5E2C87F31EA7A63100DB0074 /* main.m */,
			);
			name = "Supporting Files";
			sourceTree = "<group>";
		};
		5E2C880B1EA7A63100DB0074 /* Objc_StudyTests */ = {
			isa = PBXGroup;
			children = (
				5E2C880C1EA7A63100DB0074 /* Objc_StudyTests.m */,
				5E2C880E1EA7A63100DB0074 /* Info.plist */,
			);
			path = Objc_StudyTests;
			sourceTree = "<group>";
		};
		5E2C88161EA7A63100DB0074 /* Objc_StudyUITests */ = {
			isa = PBXGroup;
			children = (
				5E2C88171EA7A63100DB0074 /* Objc_StudyUITests.m */,
				5E2C88191EA7A63100DB0074 /* Info.plist */,
			);
			path = Objc_StudyUITests;
			sourceTree = "<group>";
		};
/* End PBXGroup section */

/* Begin PBXNativeTarget section */
		5E2C87EE1EA7A63100DB0074 /* Objc_Study */ = {
			isa = PBXNativeTarget;
			buildConfigurationList = 5E2C881C1EA7A63100DB0074 /* Build configuration list for PBXNativeTarget "Objc_Study" */;
			buildPhases = (
				5E2C87EB1EA7A63100DB0074 /* Sources */,
				5E2C87EC1EA7A63100DB0074 /* Frameworks */,
				5E2C87ED1EA7A63100DB0074 /* Resources */,
			);
			buildRules = (
			);
			dependencies = (
			);
			name = Objc_Study;
			productName = Objc_Study;
			productReference = 5E2C87EF1EA7A63100DB0074 /* Objc_Study.app */;
			productType = "com.apple.product-type.application";
		};
		5E2C88071EA7A63100DB0074 /* Objc_StudyTests */ = {
			isa = PBXNativeTarget;
			buildConfigurationList = 5E2C881F1EA7A63100DB0074 /* Build configuration list for PBXNativeTarget "Objc_StudyTests" */;
			buildPhases = (
				5E2C88041EA7A63100DB0074 /* Sources */,
				5E2C88051EA7A63100DB0074 /* Frameworks */,
				5E2C88061EA7A63100DB0074 /* Resources */,
			);
			buildRules = (
			);
			dependencies = (
				5E2C880A1EA7A63100DB0074 /* PBXTargetDependency */,
			);
			name = Objc_StudyTests;
			productName = Objc_StudyTests;
			productReference = 5E2C88081EA7A63100DB0074 /* Objc_StudyTests.xctest */;
			productType = "com.apple.product-type.bundle.unit-test";
		};
		5E2C88121EA7A63100DB0074 /* Objc_StudyUITests */ = {
			isa = PBXNativeTarget;
			buildConfigurationList = 5E2C88221EA7A63100DB0074 /* Build configuration list for PBXNativeTarget "Objc_StudyUITests" */;
			buildPhases = (
				5E2C880F1EA7A63100DB0074 /* Sources */,
				5E2C88101EA7A63100DB0074 /* Frameworks */,
				5E2C88111EA7A63100DB0074 /* Resources */,
			);
			buildRules = (
			);
			dependencies = (
				5E2C88151EA7A63100DB0074 /* PBXTargetDependency */,
			);
			name = Objc_StudyUITests;
			productName = Objc_StudyUITests;
			productReference = 5E2C88131EA7A63100DB0074 /* Objc_StudyUITests.xctest */;
			productType = "com.apple.product-type.bundle.ui-testing";
		};
/* End PBXNativeTarget section */

/* Begin PBXProject section */
		5E2C87E71EA7A63100DB0074 /* Project object */ = {
			isa = PBXProject;
			attributes = {
				LastUpgradeCheck = 0820;
				ORGANIZATIONNAME = KronAutomacao;
				TargetAttributes = {
					5E2C87EE1EA7A63100DB0074 = {
						CreatedOnToolsVersion = 8.2.1;
						ProvisioningStyle = Automatic;
					};
					5E2C88071EA7A63100DB0074 = {
						CreatedOnToolsVersion = 8.2.1;
						ProvisioningStyle = Automatic;
						TestTargetID = 5E2C87EE1EA7A63100DB0074;
					};
					5E2C88121EA7A63100DB0074 = {
						CreatedOnToolsVersion = 8.2.1;
						ProvisioningStyle = Automatic;
						TestTargetID = 5E2C87EE1EA7A63100DB0074;
					};
				};
			};
			buildConfigurationList = 5E2C87EA1EA7A63100DB0074 /* Build configuration list for PBXProject "Objc_Study" */;
			compatibilityVersion = "Xcode 3.2";
			developmentRegion = English;
			hasScannedForEncodings = 0;
			knownRegions = (
				en,
				Base,
			);
			mainGroup = 5E2C87E61EA7A63100DB0074;
			productRefGroup = 5E2C87F01EA7A63100DB0074 /* Products */;
			projectDirPath = "";
			projectRoot = "";
			targets = (
				5E2C87EE1EA7A63100DB0074 /* Objc_Study */,
				5E2C88071EA7A63100DB0074 /* Objc_StudyTests */,
				5E2C88121EA7A63100DB0074 /* Objc_StudyUITests */,
			);
		};
/* End PBXProject section */

/* Begin PBXResourcesBuildPhase section */
		5E2C87ED1EA7A63100DB0074 /* Resources */ = {
			isa = PBXResourcesBuildPhase;
			buildActionMask = 2147483647;
			files = (
				5E2C88021EA7A63100DB0074 /* LaunchScreen.storyboard in Resources */,
				5E2C87FF1EA7A63100DB0074 /* Assets.xcassets in Resources */,
				5E2C87FD1EA7A63100DB0074 /* Main.storyboard in Resources */,
			);
			runOnlyForDeploymentPostprocessing = 0;
		};
		5E2C88061EA7A63100DB0074 /* Resources */ = {
			isa = PBXResourcesBuildPhase;
			buildActionMask = 2147483647;
			files = (
			);
			runOnlyForDeploymentPostprocessing = 0;
		};
		5E2C88111EA7A63100DB0074 /* Resources */ = {
			isa = PBXResourcesBuildPhase;
			buildActionMask = 2147483647;
			files = (
			);
			runOnlyForDeploymentPostprocessing = 0;
		};
/* End PBXResourcesBuildPhase section */

/* Begin PBXSourcesBuildPhase section */
		5E2C87EB1EA7A63100DB0074 /* Sources */ = {
			isa = PBXSourcesBuildPhase;
			buildActionMask = 2147483647;
			files = (
				5E2C87FA1EA7A63100DB0074 /* ViewController.m in Sources */,
				5EFFFA331EAFB19C00AE8A75 /* Pessoa.m in Sources */,
				5E2C87F71EA7A63100DB0074 /* AppDelegate.m in Sources */,
				5E2C87F41EA7A63100DB0074 /* main.m in Sources */,
				5EFC9BD11EBB90080080D34A /* BNRLOgger.m in Sources */,
				5E2C88331EA7E52700DB0074 /* BNRAssets.m in Sources */,
				5E2C88301EA7D1B900DB0074 /* BNRForeignStockHolding.m in Sources */,
				5E2C882A1EA7C1FA00DB0074 /* BNREmployee.m in Sources */,
				5E2C88271EA7A69F00DB0074 /* BNRPerson.m in Sources */,
				5E2C882D1EA7CEA900DB0074 /* BNRStockHolding.m in Sources */,
			);
			runOnlyForDeploymentPostprocessing = 0;
		};
		5E2C88041EA7A63100DB0074 /* Sources */ = {
			isa = PBXSourcesBuildPhase;
			buildActionMask = 2147483647;
			files = (
				5E2C880D1EA7A63100DB0074 /* Objc_StudyTests.m in Sources */,
			);
			runOnlyForDeploymentPostprocessing = 0;
		};
		5E2C880F1EA7A63100DB0074 /* Sources */ = {
			isa = PBXSourcesBuildPhase;
			buildActionMask = 2147483647;
			files = (
				5E2C88181EA7A63100DB0074 /* Objc_StudyUITests.m in Sources */,
			);
			runOnlyForDeploymentPostprocessing = 0;
		};
/* End PBXSourcesBuildPhase section */

/* Begin PBXTargetDependency section */
		5E2C880A1EA7A63100DB0074 /* PBXTargetDependency */ = {
			isa = PBXTargetDependency;
			target = 5E2C87EE1EA7A63100DB0074 /* Objc_Study */;
			targetProxy = 5E2C88091EA7A63100DB0074 /* PBXContainerItemProxy */;
		};
		5E2C88151EA7A63100DB0074 /* PBXTargetDependency */ = {
			isa = PBXTargetDependency;
			target = 5E2C87EE1EA7A63100DB0074 /* Objc_Study */;
			targetProxy = 5E2C88141EA7A63100DB0074 /* PBXContainerItemProxy */;
		};
/* End PBXTargetDependency section */

/* Begin PBXVariantGroup section */
		5E2C87FB1EA7A63100DB0074 /* Main.storyboard */ = {
			isa = PBXVariantGroup;
			children = (
				5E2C87FC1EA7A63100DB0074 /* Base */,
			);
			name = Main.storyboard;
			sourceTree = "<group>";
		};
		5E2C88001EA7A63100DB0074 /* LaunchScreen.storyboard */ = {
			isa = PBXVariantGroup;
			children = (
				5E2C88011EA7A63100DB0074 /* Base */,
			);
			name = LaunchScreen.storyboard;
			sourceTree = "<group>";
		};
/* End PBXVariantGroup section */

/* Begin XCBuildConfiguration section */
		5E2C881A1EA7A63100DB0074 /* Debug */ = {
			isa = XCBuildConfiguration;
			buildSettings = {
				ALWAYS_SEARCH_USER_PATHS = NO;
				CLANG_ANALYZER_NONNULL = YES;
				CLANG_CXX_LANGUAGE_STANDARD = "gnu++0x";
				CLANG_CXX_LIBRARY = "libc++";
				CLANG_ENABLE_MODULES = YES;
				CLANG_ENABLE_OBJC_ARC = YES;
				CLANG_WARN_BOOL_CONVERSION = YES;
				CLANG_WARN_CONSTANT_CONVERSION = YES;
				CLANG_WARN_DIRECT_OBJC_ISA_USAGE = YES_ERROR;
				CLANG_WARN_DOCUMENTATION_COMMENTS = YES;
				CLANG_WARN_EMPTY_BODY = YES;
				CLANG_WARN_ENUM_CONVERSION = YES;
				CLANG_WARN_INFINITE_RECURSION = YES;
				CLANG_WARN_INT_CONVERSION = YES;
				CLANG_WARN_OBJC_ROOT_CLASS = YES_ERROR;
				CLANG_WARN_SUSPICIOUS_MOVE = YES;
				CLANG_WARN_UNREACHABLE_CODE = YES;
				CLANG_WARN__DUPLICATE_METHOD_MATCH = YES;
				"CODE_SIGN_IDENTITY[sdk=iphoneos*]" = "iPhone Developer";
				COPY_PHASE_STRIP = NO;
				DEBUG_INFORMATION_FORMAT = dwarf;
				ENABLE_STRICT_OBJC_MSGSEND = YES;
				ENABLE_TESTABILITY = YES;
				GCC_C_LANGUAGE_STANDARD = gnu99;
				GCC_DYNAMIC_NO_PIC = NO;
				GCC_NO_COMMON_BLOCKS = YES;
				GCC_OPTIMIZATION_LEVEL = 0;
				GCC_PREPROCESSOR_DEFINITIONS = (
					"DEBUG=1",
					"$(inherited)",
				);
				GCC_WARN_64_TO_32_BIT_CONVERSION = YES;
				GCC_WARN_ABOUT_RETURN_TYPE = YES_ERROR;
				GCC_WARN_UNDECLARED_SELECTOR = YES;
				GCC_WARN_UNINITIALIZED_AUTOS = YES_AGGRESSIVE;
				GCC_WARN_UNUSED_FUNCTION = YES;
				GCC_WARN_UNUSED_VARIABLE = YES;
				IPHONEOS_DEPLOYMENT_TARGET = 10.2;
				MTL_ENABLE_DEBUG_INFO = YES;
				ONLY_ACTIVE_ARCH = YES;
				SDKROOT = iphoneos;
				TARGETED_DEVICE_FAMILY = "1,2";
			};
			name = Debug;
		};
		5E2C881B1EA7A63100DB0074 /* Release */ = {
			isa = XCBuildConfiguration;
			buildSettings = {
				ALWAYS_SEARCH_USER_PATHS = NO;
				CLANG_ANALYZER_NONNULL = YES;
				CLANG_CXX_LANGUAGE_STANDARD = "gnu++0x";
				CLANG_CXX_LIBRARY = "libc++";
				CLANG_ENABLE_MODULES = YES;
				CLANG_ENABLE_OBJC_ARC = YES;
				CLANG_WARN_BOOL_CONVERSION = YES;
				CLANG_WARN_CONSTANT_CONVERSION = YES;
				CLANG_WARN_DIRECT_OBJC_ISA_USAGE = YES_ERROR;
				CLANG_WARN_DOCUMENTATION_COMMENTS = YES;
				CLANG_WARN_EMPTY_BODY = YES;
				CLANG_WARN_ENUM_CONVERSION = YES;
				CLANG_WARN_INFINITE_RECURSION = YES;
				CLANG_WARN_INT_CONVERSION = YES;
				CLANG_WARN_OBJC_ROOT_CLASS = YES_ERROR;
				CLANG_WARN_SUSPICIOUS_MOVE = YES;
				CLANG_WARN_UNREACHABLE_CODE = YES;
				CLANG_WARN__DUPLICATE_METHOD_MATCH = YES;
				"CODE_SIGN_IDENTITY[sdk=iphoneos*]" = "iPhone Developer";
				COPY_PHASE_STRIP = NO;
				DEBUG_INFORMATION_FORMAT = "dwarf-with-dsym";
				ENABLE_NS_ASSERTIONS = NO;
				ENABLE_STRICT_OBJC_MSGSEND = YES;
				GCC_C_LANGUAGE_STANDARD = gnu99;
				GCC_NO_COMMON_BLOCKS = YES;
				GCC_WARN_64_TO_32_BIT_CONVERSION = YES;
				GCC_WARN_ABOUT_RETURN_TYPE = YES_ERROR;
				GCC_WARN_UNDECLARED_SELECTOR = YES;
				GCC_WARN_UNINITIALIZED_AUTOS = YES_AGGRESSIVE;
				GCC_WARN_UNUSED_FUNCTION = YES;
				GCC_WARN_UNUSED_VARIABLE = YES;
				IPHONEOS_DEPLOYMENT_TARGET = 10.2;
				MTL_ENABLE_DEBUG_INFO = NO;
				SDKROOT = iphoneos;
				TARGETED_DEVICE_FAMILY = "1,2";
				VALIDATE_PRODUCT = YES;
			};
			name = Release;
		};
		5E2C881D1EA7A63100DB0074 /* Debug */ = {
			isa = XCBuildConfiguration;
			buildSettings = {
				ASSETCATALOG_COMPILER_APPICON_NAME = AppIcon;
				INFOPLIST_FILE = Objc_Study/Info.plist;
				LD_RUNPATH_SEARCH_PATHS = "$(inherited) @executable_path/Frameworks";
				PRODUCT_BUNDLE_IDENTIFIER = "br.livro.Objc-Study";
				PRODUCT_NAME = "$(TARGET_NAME)";
			};
			name = Debug;
		};
		5E2C881E1EA7A63100DB0074 /* Release */ = {
			isa = XCBuildConfiguration;
			buildSettings = {
				ASSETCATALOG_COMPILER_APPICON_NAME = AppIcon;
				INFOPLIST_FILE = Objc_Study/Info.plist;
				LD_RUNPATH_SEARCH_PATHS = "$(inherited) @executable_path/Frameworks";
				PRODUCT_BUNDLE_IDENTIFIER = "br.livro.Objc-Study";
				PRODUCT_NAME = "$(TARGET_NAME)";
			};
			name = Release;
		};
		5E2C88201EA7A63100DB0074 /* Debug */ = {
			isa = XCBuildConfiguration;
			buildSettings = {
				BUNDLE_LOADER = "$(TEST_HOST)";
				INFOPLIST_FILE = Objc_StudyTests/Info.plist;
				LD_RUNPATH_SEARCH_PATHS = "$(inherited) @executable_path/Frameworks @loader_path/Frameworks";
				PRODUCT_BUNDLE_IDENTIFIER = "br.livro.Objc-StudyTests";
				PRODUCT_NAME = "$(TARGET_NAME)";
				TEST_HOST = "$(BUILT_PRODUCTS_DIR)/Objc_Study.app/Objc_Study";
			};
			name = Debug;
		};
		5E2C88211EA7A63100DB0074 /* Release */ = {
			isa = XCBuildConfiguration;
			buildSettings = {
				BUNDLE_LOADER = "$(TEST_HOST)";
				INFOPLIST_FILE = Objc_StudyTests/Info.plist;
				LD_RUNPATH_SEARCH_PATHS = "$(inherited) @executable_path/Frameworks @loader_path/Frameworks";
				PRODUCT_BUNDLE_IDENTIFIER = "br.livro.Objc-StudyTests";
				PRODUCT_NAME = "$(TARGET_NAME)";
				TEST_HOST = "$(BUILT_PRODUCTS_DIR)/Objc_Study.app/Objc_Study";
			};
			name = Release;
		};
		5E2C88231EA7A63100DB0074 /* Debug */ = {
			isa = XCBuildConfiguration;
			buildSettings = {
				INFOPLIST_FILE = Objc_StudyUITests/Info.plist;
				LD_RUNPATH_SEARCH_PATHS = "$(inherited) @executable_path/Frameworks @loader_path/Frameworks";
				PRODUCT_BUNDLE_IDENTIFIER = "br.livro.Objc-StudyUITests";
				PRODUCT_NAME = "$(TARGET_NAME)";
				TEST_TARGET_NAME = Objc_Study;
			};
			name = Debug;
		};
		5E2C88241EA7A63100DB0074 /* Release */ = {
			isa = XCBuildConfiguration;
			buildSettings = {
				INFOPLIST_FILE = Objc_StudyUITests/Info.plist;
				LD_RUNPATH_SEARCH_PATHS = "$(inherited) @executable_path/Frameworks @loader_path/Frameworks";
				PRODUCT_BUNDLE_IDENTIFIER = "br.livro.Objc-StudyUITests";
				PRODUCT_NAME = "$(TARGET_NAME)";
				TEST_TARGET_NAME = Objc_Study;
			};
			name = Release;
		};
/* End XCBuildConfiguration section */

/* Begin XCConfigurationList section */
		5E2C87EA1EA7A63100DB0074 /* Build configuration list for PBXProject "Objc_Study" */ = {
			isa = XCConfigurationList;
			buildConfigurations = (
				5E2C881A1EA7A63100DB0074 /* Debug */,
				5E2C881B1EA7A63100DB0074 /* Release */,
			);
			defaultConfigurationIsVisible = 0;
			defaultConfigurationName = Release;
		};
		5E2C881C1EA7A63100DB0074 /* Build configuration list for PBXNativeTarget "Objc_Study" */ = {
			isa = XCConfigurationList;
			buildConfigurations = (
				5E2C881D1EA7A63100DB0074 /* Debug */,
				5E2C881E1EA7A63100DB0074 /* Release */,
			);
			defaultConfigurationIsVisible = 0;
			defaultConfigurationName = Release;
		};
		5E2C881F1EA7A63100DB0074 /* Build configuration list for PBXNativeTarget "Objc_StudyTests" */ = {
			isa = XCConfigurationList;
			buildConfigurations = (
				5E2C88201EA7A63100DB0074 /* Debug */,
				5E2C88211EA7A63100DB0074 /* Release */,
			);
			defaultConfigurationIsVisible = 0;
			defaultConfigurationName = Release;
		};
		5E2C88221EA7A63100DB0074 /* Build configuration list for PBXNativeTarget "Objc_StudyUITests" */ = {
			isa = XCConfigurationList;
			buildConfigurations = (
				5E2C88231EA7A63100DB0074 /* Debug */,
				5E2C88241EA7A63100DB0074 /* Release */,
			);
			defaultConfigurationIsVisible = 0;
			defaultConfigurationName = Release;
		};
/* End XCConfigurationList section */
	};
	rootObject = 5E2C87E71EA7A63100DB0074 /* Project object */;
}
